
Microsoft Visual Studio Solution File, Format Version 12.00
# Visual Studio Version 17
VisualStudioVersion = 17.11.35327.3
MinimumVisualStudioVersion = 10.0.40219.1
Project("{FAE04EC0-301F-11D3-BF4B-00C04F79EFBC}") = "WebAppT3W1", "WebAppT3W1.csproj", "{9DB1D6F9-A227-4F83-8104-EE35132B1EE7}"
EndProject
Global
	GlobalSection(SolutionConfigurationPlatforms) = preSolution
		Debug|Any CPU = Debug|Any CPU
		Release|Any CPU = Release|Any CPU
	EndGlobalSection
	GlobalSection(ProjectConfigurationPlatforms) = postSolution
		{9DB1D6F9-A227-4F83-8104-EE35132B1EE7}.Debug|Any CPU.ActiveCfg = Debug|Any CPU
		{9DB1D6F9-A227-4F83-8104-EE35132B1EE7}.Debug|Any CPU.Build.0 = Debug|Any CPU
		{9DB1D6F9-A227-4F83-8104-EE35132B1EE7}.Release|Any CPU.ActiveCfg = Release|Any CPU
		{9DB1D6F9-A227-4F83-8104-EE35132B1EE7}.Release|Any CPU.Build.0 = Release|Any CPU
	EndGlobalSection
	GlobalSection(SolutionProperties) = preSolution
		HideSolutionNode = FALSE
	EndGlobalSection
	GlobalSection(ExtensibilityGlobals) = postSolution
		SolutionGuid = {3BAD2FC7-8E07-451C-B8F7-F015E4753190}
	EndGlobalSection
EndGlobal
